# MacCrab release dependency provenance. This is data, never shell-sourced.
# Bumps must update the exact SwiftPM/PyPI provenance and every derived hash.
format_version=1
sparkle_version=2.9.6
sparkle_revision=ac2def288cbff5cfc7df3ffef6abdf45b72bcb0a
sparkle_binary_artifact_sha256=8d5fb41d960b43f4a68aa14126bf62b098544ec8d191cdcc73eb14e63a8e7606
sparkle_sign_update_sha256=bfb52400c3da18bb4c251ac4818c2c2e1e31c2e649a45b31c11109b6e57b34ad
sparkle_generate_keys_sha256=2d18ed3a9c744e58150513d9b2e3c2eb76fd0b9621e3e4678d46dd972547e8fe
pyyaml_version=6.0.3
pyyaml_file_count=17
